// !$*UTF8*$!
{
	archiveVersion = 1;
	classes = {
	};
	objectVersion = 55;
	objects = {

/* Begin PBXBuildFile section */
		B8AF941729105DBE0089FF0D /* Assets.xcassets in Resources */ = {isa = PBXBuildFile; fileRef = B8AF941629105DBE0089FF0D /* Assets.xcassets */; };
		B8DAC97929104CC700E67B98 /* AppDelegate.swift in Sources */ = {isa = PBXBuildFile; fileRef = B8DAC97829104CC700E67B98 /* AppDelegate.swift */; };
		B8DAC97B29104CC700E67B98 /* SceneDelegate.swift in Sources */ = {isa = PBXBuildFile; fileRef = B8DAC97A29104CC700E67B98 /* SceneDelegate.swift */; };
		B8DAC97D29104CC700E67B98 /* iniciarSesionViewController.swift in Sources */ = {isa = PBXBuildFile; fileRef = B8DAC97C29104CC700E67B98 /* iniciarSesionViewController.swift */; };
		B8DAC98029104CC700E67B98 /* Main.storyboard in Resources */ = {isa = PBXBuildFile; fileRef = B8DAC97E29104CC700E67B98 /* Main.storyboard */; };
		B8DAC98529104CCB00E67B98 /* LaunchScreen.storyboard in Resources */ = {isa = PBXBuildFile; fileRef = B8DAC98329104CCB00E67B98 /* LaunchScreen.storyboard */; };
		B8DAC98D29104F0500E67B98 /* GoogleService-Info.plist in Resources */ = {isa = PBXBuildFile; fileRef = B8DAC98C29104F0500E67B98 /* GoogleService-Info.plist */; };
		B8DAC990291050AC00E67B98 /* Algorithms in Frameworks */ = {isa = PBXBuildFile; productRef = B8DAC98F291050AC00E67B98 /* Algorithms */; };
		B8DAC9932910526B00E67B98 /* FirebaseAnalytics in Frameworks */ = {isa = PBXBuildFile; productRef = B8DAC9922910526B00E67B98 /* FirebaseAnalytics */; };
		B8DAC9952910526B00E67B98 /* FirebaseAnalyticsWithoutAdIdSupport in Frameworks */ = {isa = PBXBuildFile; productRef = B8DAC9942910526B00E67B98 /* FirebaseAnalyticsWithoutAdIdSupport */; };
		E3805F0527A8E42A30219CBB /* Pods_HuamaniSnapchat.framework in Frameworks */ = {isa = PBXBuildFile; fileRef = 5597308AB7E545B4059D0A4A /* Pods_HuamaniSnapchat.framework */; };
/* End PBXBuildFile section */

/* Begin PBXFileReference section */
		5597308AB7E545B4059D0A4A /* Pods_HuamaniSnapchat.framework */ = {isa = PBXFileReference; explicitFileType = wrapper.framework; includeInIndex = 0; path = Pods_HuamaniSnapchat.framework; sourceTree = BUILT_PRODUCTS_DIR; };
		6AF3924B97DB4E3561D48B96 /* Pods-HuamaniSnapchat.release.xcconfig */ = {isa = PBXFileReference; includeInIndex = 1; lastKnownFileType = text.xcconfig; name = "Pods-HuamaniSnapchat.release.xcconfig"; path = "Target Support Files/Pods-HuamaniSnapchat/Pods-HuamaniSnapchat.release.xcconfig"; sourceTree = "<group>"; };
		8E97DF02264CD1FD6B5A89B4 /* Pods-HuamaniSnapchat.debug.xcconfig */ = {isa = PBXFileReference; includeInIndex = 1; lastKnownFileType = text.xcconfig; name = "Pods-HuamaniSnapchat.debug.xcconfig"; path = "Target Support Files/Pods-HuamaniSnapchat/Pods-HuamaniSnapchat.debug.xcconfig"; sourceTree = "<group>"; };
		B8AF941629105DBE0089FF0D /* Assets.xcassets */ = {isa = PBXFileReference; lastKnownFileType = folder.assetcatalog; name = Assets.xcassets; path = ../../TablasHuamani/TablasHuamani/Assets.xcassets; sourceTree = "<group>"; };
		B8DAC97529104CC700E67B98 /* HuamaniSnapchat.app */ = {isa = PBXFileReference; explicitFileType = wrapper.application; includeInIndex = 0; path = HuamaniSnapchat.app; sourceTree = BUILT_PRODUCTS_DIR; };
		B8DAC97829104CC700E67B98 /* AppDelegate.swift */ = {isa = PBXFileReference; lastKnownFileType = sourcecode.swift; path = AppDelegate.swift; sourceTree = "<group>"; };
		B8DAC97A29104CC700E67B98 /* SceneDelegate.swift */ = {isa = PBXFileReference; lastKnownFileType = sourcecode.swift; path = SceneDelegate.swift; sourceTree = "<group>"; };
		B8DAC97C29104CC700E67B98 /* iniciarSesionViewController.swift */ = {isa = PBXFileReference; lastKnownFileType = sourcecode.swift; path = iniciarSesionViewController.swift; sourceTree = "<group>"; };
		B8DAC97F29104CC700E67B98 /* Base */ = {isa = PBXFileReference; lastKnownFileType = file.storyboard; name = Base; path = Base.lproj/Main.storyboard; sourceTree = "<group>"; };
		B8DAC98429104CCB00E67B98 /* Base */ = {isa = PBXFileReference; lastKnownFileType = file.storyboard; name = Base; path = Base.lproj/LaunchScreen.storyboard; sourceTree = "<group>"; };
		B8DAC98629104CCB00E67B98 /* Info.plist */ = {isa = PBXFileReference; lastKnownFileType = text.plist.xml; path = Info.plist; sourceTree = "<group>"; };
		B8DAC98C29104F0500E67B98 /* GoogleService-Info.plist */ = {isa = PBXFileReference; fileEncoding = 4; lastKnownFileType = text.plist.xml; path = "GoogleService-Info.plist"; sourceTree = "<group>"; };
/* End PBXFileReference section */

/* Begin PBXFrameworksBuildPhase section */
		B8DAC97229104CC700E67B98 /* Frameworks */ = {
			isa = PBXFrameworksBuildPhase;
			buildActionMask = 2147483647;
			files = (
				B8DAC9932910526B00E67B98 /* FirebaseAnalytics in Frameworks */,
				B8DAC9952910526B00E67B98 /* FirebaseAnalyticsWithoutAdIdSupport in Frameworks */,
				B8DAC990291050AC00E67B98 /* Algorithms in Frameworks */,
				E3805F0527A8E42A30219CBB /* Pods_HuamaniSnapchat.framework in Frameworks */,
			);
			runOnlyForDeploymentPostprocessing = 0;
		};
/* End PBXFrameworksBuildPhase section */

/* Begin PBXGroup section */
		82A06A874CF05E7A148BFF90 /* Pods */ = {
			isa = PBXGroup;
			children = (
				8E97DF02264CD1FD6B5A89B4 /* Pods-HuamaniSnapchat.debug.xcconfig */,
				6AF3924B97DB4E3561D48B96 /* Pods-HuamaniSnapchat.release.xcconfig */,
			);
			path = Pods;
			sourceTree = "<group>";
		};
		908B7B0A77F7058785B7F180 /* Frameworks */ = {
			isa = PBXGroup;
			children = (
				5597308AB7E545B4059D0A4A /* Pods_HuamaniSnapchat.framework */,
			);
			name = Frameworks;
			sourceTree = "<group>";
		};
		B8DAC96C29104CC700E67B98 = {
			isa = PBXGroup;
			children = (
				B8DAC97729104CC700E67B98 /* HuamaniSnapchat */,
				B8DAC97629104CC700E67B98 /* Products */,
				82A06A874CF05E7A148BFF90 /* Pods */,
				908B7B0A77F7058785B7F180 /* Frameworks */,
			);
			sourceTree = "<group>";
		};
		B8DAC97629104CC700E67B98 /* Products */ = {
			isa = PBXGroup;
			children = (
				B8DAC97529104CC700E67B98 /* HuamaniSnapchat.app */,
			);
			name = Products;
			sourceTree = "<group>";
		};
		B8DAC97729104CC700E67B98 /* HuamaniSnapchat */ = {
			isa = PBXGroup;
			children = (
				B8DAC97829104CC700E67B98 /* AppDelegate.swift */,
				B8DAC97A29104CC700E67B98 /* SceneDelegate.swift */,
				B8DAC97C29104CC700E67B98 /* iniciarSesionViewController.swift */,
				B8DAC97E29104CC700E67B98 /* Main.storyboard */,
				B8DAC98329104CCB00E67B98 /* LaunchScreen.storyboard */,
				B8AF941629105DBE0089FF0D /* Assets.xcassets */,
				B8DAC98629104CCB00E67B98 /* Info.plist */,
				B8DAC98C29104F0500E67B98 /* GoogleService-Info.plist */,
			);
			path = HuamaniSnapchat;
			sourceTree = "<group>";
		};
/* End PBXGroup section */

/* Begin PBXNativeTarget section */
		B8DAC97429104CC700E67B98 /* HuamaniSnapchat */ = {
			isa = PBXNativeTarget;
			buildConfigurationList = B8DAC98929104CCB00E67B98 /* Build configuration list for PBXNativeTarget "HuamaniSnapchat" */;
			buildPhases = (
				5ECF406559DF50F574782351 /* [CP] Check Pods Manifest.lock */,
				B8DAC97129104CC700E67B98 /* Sources */,
				B8DAC97229104CC700E67B98 /* Frameworks */,
				B8DAC97329104CC700E67B98 /* Resources */,
				DEBE04CA0FA5F06925D17586 /* [CP] Embed Pods Frameworks */,
			);
			buildRules = (
			);
			dependencies = (
			);
			name = HuamaniSnapchat;
			packageProductDependencies = (
				B8DAC98F291050AC00E67B98 /* Algorithms */,
				B8DAC9922910526B00E67B98 /* FirebaseAnalytics */,
				B8DAC9942910526B00E67B98 /* FirebaseAnalyticsWithoutAdIdSupport */,
			);
			productName = HuamaniSnapchat;
			productReference = B8DAC97529104CC700E67B98 /* HuamaniSnapchat.app */;
			productType = "com.apple.product-type.application";
		};
/* End PBXNativeTarget section */

/* Begin PBXProject section */
		B8DAC96D29104CC700E67B98 /* Project object */ = {
			isa = PBXProject;
			attributes = {
				BuildIndependentTargetsInParallel = 1;
				LastSwiftUpdateCheck = 1340;
				LastUpgradeCheck = 1340;
				TargetAttributes = {
					B8DAC97429104CC700E67B98 = {
						CreatedOnToolsVersion = 13.4.1;
					};
				};
			};
			buildConfigurationList = B8DAC97029104CC700E67B98 /* Build configuration list for PBXProject "HuamaniSnapchat" */;
			compatibilityVersion = "Xcode 13.0";
			developmentRegion = en;
			hasScannedForEncodings = 0;
			knownRegions = (
				en,
				Base,
			);
			mainGroup = B8DAC96C29104CC700E67B98;
			packageReferences = (
				B8DAC98E291050AC00E67B98 /* XCRemoteSwiftPackageReference "swift-algorithms" */,
				B8DAC9912910526B00E67B98 /* XCRemoteSwiftPackageReference "firebase-ios-sdk" */,
			);
			productRefGroup = B8DAC97629104CC700E67B98 /* Products */;
			projectDirPath = "";
			projectRoot = "";
			targets = (
				B8DAC97429104CC700E67B98 /* HuamaniSnapchat */,
			);
		};
/* End PBXProject section */

/* Begin PBXResourcesBuildPhase section */
		B8DAC97329104CC700E67B98 /* Resources */ = {
			isa = PBXResourcesBuildPhase;
			buildActionMask = 2147483647;
			files = (
				B8DAC98529104CCB00E67B98 /* LaunchScreen.storyboard in Resources */,
				B8DAC98D29104F0500E67B98 /* GoogleService-Info.plist in Resources */,
				B8AF941729105DBE0089FF0D /* Assets.xcassets in Resources */,
				B8DAC98029104CC700E67B98 /* Main.storyboard in Resources */,
			);
			runOnlyForDeploymentPostprocessing = 0;
		};
/* End PBXResourcesBuildPhase section */

/* Begin PBXShellScriptBuildPhase section */
		5ECF406559DF50F574782351 /* [CP] Check Pods Manifest.lock */ = {
			isa = PBXShellScriptBuildPhase;
			buildActionMask = 2147483647;
			files = (
			);
			inputFileListPaths = (
			);
			inputPaths = (
				"${PODS_PODFILE_DIR_PATH}/Podfile.lock",
				"${PODS_ROOT}/Manifest.lock",
			);
			name = "[CP] Check Pods Manifest.lock";
			outputFileListPaths = (
			);
			outputPaths = (
				"$(DERIVED_FILE_DIR)/Pods-HuamaniSnapchat-checkManifestLockResult.txt",
			);
			runOnlyForDeploymentPostprocessing = 0;
			shellPath = /bin/sh;
			shellScript = "diff \"${PODS_PODFILE_DIR_PATH}/Podfile.lock\" \"${PODS_ROOT}/Manifest.lock\" > /dev/null\nif [ $? != 0 ] ; then\n    # print error to STDERR\n    echo \"error: The sandbox is not in sync with the Podfile.lock. Run 'pod install' or update your CocoaPods installation.\" >&2\n    exit 1\nfi\n# This output is used by Xcode 'outputs' to avoid re-running this script phase.\necho \"SUCCESS\" > \"${SCRIPT_OUTPUT_FILE_0}\"\n";
			showEnvVarsInLog = 0;
		};
		DEBE04CA0FA5F06925D17586 /* [CP] Embed Pods Frameworks */ = {
			isa = PBXShellScriptBuildPhase;
			buildActionMask = 2147483647;
			files = (
			);
			inputFileListPaths = (
				"${PODS_ROOT}/Target Support Files/Pods-HuamaniSnapchat/Pods-HuamaniSnapchat-frameworks-${CONFIGURATION}-input-files.xcfilelist",
			);
			name = "[CP] Embed Pods Frameworks";
			outputFileListPaths = (
				"${PODS_ROOT}/Target Support Files/Pods-HuamaniSnapchat/Pods-HuamaniSnapchat-frameworks-${CONFIGURATION}-output-files.xcfilelist",
			);
			runOnlyForDeploymentPostprocessing = 0;
			shellPath = /bin/sh;
			shellScript = "\"${PODS_ROOT}/Target Support Files/Pods-HuamaniSnapchat/Pods-HuamaniSnapchat-frameworks.sh\"\n";
			showEnvVarsInLog = 0;
		};
/* End PBXShellScriptBuildPhase section */

/* Begin PBXSourcesBuildPhase section */
		B8DAC97129104CC700E67B98 /* Sources */ = {
			isa = PBXSourcesBuildPhase;
			buildActionMask = 2147483647;
			files = (
				B8DAC97D29104CC700E67B98 /* iniciarSesionViewController.swift in Sources */,
				B8DAC97929104CC700E67B98 /* AppDelegate.swift in Sources */,
				B8DAC97B29104CC700E67B98 /* SceneDelegate.swift in Sources */,
			);
			runOnlyForDeploymentPostprocessing = 0;
		};
/* End PBXSourcesBuildPhase section */

/* Begin PBXVariantGroup section */
		B8DAC97E29104CC700E67B98 /* Main.storyboard */ = {
			isa = PBXVariantGroup;
			children = (
				B8DAC97F29104CC700E67B98 /* Base */,
			);
			name = Main.storyboard;
			sourceTree = "<group>";
		};
		B8DAC98329104CCB00E67B98 /* LaunchScreen.storyboard */ = {
			isa = PBXVariantGroup;
			children = (
				B8DAC98429104CCB00E67B98 /* Base */,
			);
			name = LaunchScreen.storyboard;
			sourceTree = "<group>";
		};
/* End PBXVariantGroup section */

/* Begin XCBuildConfiguration section */
		B8DAC98729104CCB00E67B98 /* Debug */ = {
			isa = XCBuildConfiguration;
			buildSettings = {
				ALWAYS_SEARCH_USER_PATHS = NO;
				CLANG_ANALYZER_NONNULL = YES;
				CLANG_ANALYZER_NUMBER_OBJECT_CONVERSION = YES_AGGRESSIVE;
				CLANG_CXX_LANGUAGE_STANDARD = "gnu++17";
				CLANG_ENABLE_MODULES = YES;
				CLANG_ENABLE_OBJC_ARC = YES;
				CLANG_ENABLE_OBJC_WEAK = YES;
				CLANG_WARN_BLOCK_CAPTURE_AUTORELEASING = YES;
				CLANG_WARN_BOOL_CONVERSION = YES;
				CLANG_WARN_COMMA = YES;
				CLANG_WARN_CONSTANT_CONVERSION = YES;
				CLANG_WARN_DEPRECATED_OBJC_IMPLEMENTATIONS = YES;
				CLANG_WARN_DIRECT_OBJC_ISA_USAGE = YES_ERROR;
				CLANG_WARN_DOCUMENTATION_COMMENTS = YES;
				CLANG_WARN_EMPTY_BODY = YES;
				CLANG_WARN_ENUM_CONVERSION = YES;
				CLANG_WARN_INFINITE_RECURSION = YES;
				CLANG_WARN_INT_CONVERSION = YES;
				CLANG_WARN_NON_LITERAL_NULL_CONVERSION = YES;
				CLANG_WARN_OBJC_IMPLICIT_RETAIN_SELF = YES;
				CLANG_WARN_OBJC_LITERAL_CONVERSION = YES;
				CLANG_WARN_OBJC_ROOT_CLASS = YES_ERROR;
				CLANG_WARN_QUOTED_INCLUDE_IN_FRAMEWORK_HEADER = YES;
				CLANG_WARN_RANGE_LOOP_ANALYSIS = YES;
				CLANG_WARN_STRICT_PROTOTYPES = YES;
				CLANG_WARN_SUSPICIOUS_MOVE = YES;
				CLANG_WARN_UNGUARDED_AVAILABILITY = YES_AGGRESSIVE;
				CLANG_WARN_UNREACHABLE_CODE = YES;
				CLANG_WARN__DUPLICATE_METHOD_MATCH = YES;
				COPY_PHASE_STRIP = NO;
				DEBUG_INFORMATION_FORMAT = dwarf;
				ENABLE_STRICT_OBJC_MSGSEND = YES;
				ENABLE_TESTABILITY = YES;
				GCC_C_LANGUAGE_STANDARD = gnu11;
				GCC_DYNAMIC_NO_PIC = NO;
				GCC_NO_COMMON_BLOCKS = YES;
				GCC_OPTIMIZATION_LEVEL = 0;
				GCC_PREPROCESSOR_DEFINITIONS = (
					"DEBUG=1",
					"$(inherited)",
				);
				GCC_WARN_64_TO_32_BIT_CONVERSION = YES;
				GCC_WARN_ABOUT_RETURN_TYPE = YES_ERROR;
				GCC_WARN_UNDECLARED_SELECTOR = YES;
				GCC_WARN_UNINITIALIZED_AUTOS = YES_AGGRESSIVE;
				GCC_WARN_UNUSED_FUNCTION = YES;
				GCC_WARN_UNUSED_VARIABLE = YES;
				IPHONEOS_DEPLOYMENT_TARGET = 15.5;
				MTL_ENABLE_DEBUG_INFO = INCLUDE_SOURCE;
				MTL_FAST_MATH = YES;
				ONLY_ACTIVE_ARCH = YES;
				SDKROOT = iphoneos;
				SWIFT_ACTIVE_COMPILATION_CONDITIONS = DEBUG;
				SWIFT_OPTIMIZATION_LEVEL = "-Onone";
			};
			name = Debug;
		};
		B8DAC98829104CCB00E67B98 /* Release */ = {
			isa = XCBuildConfiguration;
			buildSettings = {
				ALWAYS_SEARCH_USER_PATHS = NO;
				CLANG_ANALYZER_NONNULL = YES;
				CLANG_ANALYZER_NUMBER_OBJECT_CONVERSION = YES_AGGRESSIVE;
				CLANG_CXX_LANGUAGE_STANDARD = "gnu++17";
				CLANG_ENABLE_MODULES = YES;
				CLANG_ENABLE_OBJC_ARC = YES;
				CLANG_ENABLE_OBJC_WEAK = YES;
				CLANG_WARN_BLOCK_CAPTURE_AUTORELEASING = YES;
				CLANG_WARN_BOOL_CONVERSION = YES;
				CLANG_WARN_COMMA = YES;
				CLANG_WARN_CONSTANT_CONVERSION = YES;
				CLANG_WARN_DEPRECATED_OBJC_IMPLEMENTATIONS = YES;
				CLANG_WARN_DIRECT_OBJC_ISA_USAGE = YES_ERROR;
				CLANG_WARN_DOCUMENTATION_COMMENTS = YES;
				CLANG_WARN_EMPTY_BODY = YES;
				CLANG_WARN_ENUM_CONVERSION = YES;
				CLANG_WARN_INFINITE_RECURSION = YES;
				CLANG_WARN_INT_CONVERSION = YES;
				CLANG_WARN_NON_LITERAL_NULL_CONVERSION = YES;
				CLANG_WARN_OBJC_IMPLICIT_RETAIN_SELF = YES;
				CLANG_WARN_OBJC_LITERAL_CONVERSION = YES;
				CLANG_WARN_OBJC_ROOT_CLASS = YES_ERROR;
				CLANG_WARN_QUOTED_INCLUDE_IN_FRAMEWORK_HEADER = YES;
				CLANG_WARN_RANGE_LOOP_ANALYSIS = YES;
				CLANG_WARN_STRICT_PROTOTYPES = YES;
				CLANG_WARN_SUSPICIOUS_MOVE = YES;
				CLANG_WARN_UNGUARDED_AVAILABILITY = YES_AGGRESSIVE;
				CLANG_WARN_UNREACHABLE_CODE = YES;
				CLANG_WARN__DUPLICATE_METHOD_MATCH = YES;
				COPY_PHASE_STRIP = NO;
				DEBUG_INFORMATION_FORMAT = "dwarf-with-dsym";
				ENABLE_NS_ASSERTIONS = NO;
				ENABLE_STRICT_OBJC_MSGSEND = YES;
				GCC_C_LANGUAGE_STANDARD = gnu11;
				GCC_NO_COMMON_BLOCKS = YES;
				GCC_WARN_64_TO_32_BIT_CONVERSION = YES;
				GCC_WARN_ABOUT_RETURN_TYPE = YES_ERROR;
				GCC_WARN_UNDECLARED_SELECTOR = YES;
				GCC_WARN_UNINITIALIZED_AUTOS = YES_AGGRESSIVE;
				GCC_WARN_UNUSED_FUNCTION = YES;
				GCC_WARN_UNUSED_VARIABLE = YES;
				IPHONEOS_DEPLOYMENT_TARGET = 15.5;
				MTL_ENABLE_DEBUG_INFO = NO;
				MTL_FAST_MATH = YES;
				SDKROOT = iphoneos;
				SWIFT_COMPILATION_MODE = wholemodule;
				SWIFT_OPTIMIZATION_LEVEL = "-O";
				VALIDATE_PRODUCT = YES;
			};
			name = Release;
		};
		B8DAC98A29104CCB00E67B98 /* Debug */ = {
			isa = XCBuildConfiguration;
			baseConfigurationReference = 8E97DF02264CD1FD6B5A89B4 /* Pods-HuamaniSnapchat.debug.xcconfig */;
			buildSettings = {
				ASSETCATALOG_COMPILER_APPICON_NAME = AppIcon;
				ASSETCATALOG_COMPILER_GLOBAL_ACCENT_COLOR_NAME = AccentColor;
				CODE_SIGN_STYLE = Automatic;
				CURRENT_PROJECT_VERSION = 1;
				GENERATE_INFOPLIST_FILE = YES;
				INFOPLIST_FILE = HuamaniSnapchat/Info.plist;
				INFOPLIST_KEY_UIApplicationSupportsIndirectInputEvents = YES;
				INFOPLIST_KEY_UILaunchStoryboardName = LaunchScreen;
				INFOPLIST_KEY_UIMainStoryboardFile = Main;
				INFOPLIST_KEY_UISupportedInterfaceOrientations_iPad = "UIInterfaceOrientationPortrait UIInterfaceOrientationPortraitUpsideDown UIInterfaceOrientationLandscapeLeft UIInterfaceOrientationLandscapeRight";
				INFOPLIST_KEY_UISupportedInterfaceOrientations_iPhone = "UIInterfaceOrientationPortrait UIInterfaceOrientationLandscapeLeft UIInterfaceOrientationLandscapeRight";
				LD_RUNPATH_SEARCH_PATHS = (
					"$(inherited)",
					"@executable_path/Frameworks",
				);
				MARKETING_VERSION = 1.0;
				PRODUCT_BUNDLE_IDENTIFIER = com.miempresa.HuamaniSnapchat;
				PRODUCT_NAME = "$(TARGET_NAME)";
				SWIFT_EMIT_LOC_STRINGS = YES;
				SWIFT_VERSION = 5.0;
				TARGETED_DEVICE_FAMILY = "1,2";
			};
			name = Debug;
		};
		B8DAC98B29104CCB00E67B98 /* Release */ = {
			isa = XCBuildConfiguration;
			baseConfigurationReference = 6AF3924B97DB4E3561D48B96 /* Pods-HuamaniSnapchat.release.xcconfig */;
			buildSettings = {
				ASSETCATALOG_COMPILER_APPICON_NAME = AppIcon;
				ASSETCATALOG_COMPILER_GLOBAL_ACCENT_COLOR_NAME = AccentColor;
				CODE_SIGN_STYLE = Automatic;
				CURRENT_PROJECT_VERSION = 1;
				GENERATE_INFOPLIST_FILE = YES;
				INFOPLIST_FILE = HuamaniSnapchat/Info.plist;
				INFOPLIST_KEY_UIApplicationSupportsIndirectInputEvents = YES;
				INFOPLIST_KEY_UILaunchStoryboardName = LaunchScreen;
				INFOPLIST_KEY_UIMainStoryboardFile = Main;
				INFOPLIST_KEY_UISupportedInterfaceOrientations_iPad = "UIInterfaceOrientationPortrait UIInterfaceOrientationPortraitUpsideDown UIInterfaceOrientationLandscapeLeft UIInterfaceOrientationLandscapeRight";
				INFOPLIST_KEY_UISupportedInterfaceOrientations_iPhone = "UIInterfaceOrientationPortrait UIInterfaceOrientationLandscapeLeft UIInterfaceOrientationLandscapeRight";
				LD_RUNPATH_SEARCH_PATHS = (
					"$(inherited)",
					"@executable_path/Frameworks",
				);
				MARKETING_VERSION = 1.0;
				PRODUCT_BUNDLE_IDENTIFIER = com.miempresa.HuamaniSnapchat;
				PRODUCT_NAME = "$(TARGET_NAME)";
				SWIFT_EMIT_LOC_STRINGS = YES;
				SWIFT_VERSION = 5.0;
				TARGETED_DEVICE_FAMILY = "1,2";
			};
			name = Release;
		};
/* End XCBuildConfiguration section */

/* Begin XCConfigurationList section */
		B8DAC97029104CC700E67B98 /* Build configuration list for PBXProject "HuamaniSnapchat" */ = {
			isa = XCConfigurationList;
			buildConfigurations = (
				B8DAC98729104CCB00E67B98 /* Debug */,
				B8DAC98829104CCB00E67B98 /* Release */,
			);
			defaultConfigurationIsVisible = 0;
			defaultConfigurationName = Release;
		};
		B8DAC98929104CCB00E67B98 /* Build configuration list for PBXNativeTarget "HuamaniSnapchat" */ = {
			isa = XCConfigurationList;
			buildConfigurations = (
				B8DAC98A29104CCB00E67B98 /* Debug */,
				B8DAC98B29104CCB00E67B98 /* Release */,
			);
			defaultConfigurationIsVisible = 0;
			defaultConfigurationName = Release;
		};
/* End XCConfigurationList section */

/* Begin XCRemoteSwiftPackageReference section */
		B8DAC98E291050AC00E67B98 /* XCRemoteSwiftPackageReference "swift-algorithms" */ = {
			isa = XCRemoteSwiftPackageReference;
			repositoryURL = "https://github.com/apple/swift-algorithms.git";
			requirement = {
				kind = upToNextMajorVersion;
				minimumVersion = 1.0.0;
			};
		};
		B8DAC9912910526B00E67B98 /* XCRemoteSwiftPackageReference "firebase-ios-sdk" */ = {
			isa = XCRemoteSwiftPackageReference;
			repositoryURL = "https://github.com/firebase/firebase-ios-sdk";
			requirement = {
				kind = upToNextMajorVersion;
				minimumVersion = 9.0.0;
			};
		};
/* End XCRemoteSwiftPackageReference section */

/* Begin XCSwiftPackageProductDependency section */
		B8DAC98F291050AC00E67B98 /* Algorithms */ = {
			isa = XCSwiftPackageProductDependency;
			package = B8DAC98E291050AC00E67B98 /* XCRemoteSwiftPackageReference "swift-algorithms" */;
			productName = Algorithms;
		};
		B8DAC9922910526B00E67B98 /* FirebaseAnalytics */ = {
			isa = XCSwiftPackageProductDependency;
			package = B8DAC9912910526B00E67B98 /* XCRemoteSwiftPackageReference "firebase-ios-sdk" */;
			productName = FirebaseAnalytics;
		};
		B8DAC9942910526B00E67B98 /* FirebaseAnalyticsWithoutAdIdSupport */ = {
			isa = XCSwiftPackageProductDependency;
			package = B8DAC9912910526B00E67B98 /* XCRemoteSwiftPackageReference "firebase-ios-sdk" */;
			productName = FirebaseAnalyticsWithoutAdIdSupport;
		};
/* End XCSwiftPackageProductDependency section */
	};
	rootObject = B8DAC96D29104CC700E67B98 /* Project object */;
}
